{
  "pins" : [
    {
      "identity" : "asn1kit",
      "kind" : "remoteSourceControl",
      "location" : "https://github.com/gematik/ASN1Kit.git",
      "state" : {
        "revision" : "09df8959217517065d7022061cb36a4915430150",
        "version" : "1.3.1"
      }
    },
    {
      "identity" : "commandant",
      "kind" : "remoteSourceControl",
      "location" : "http://github.com/Carthage/Commandant",
      "state" : {
        "revision" : "a1671cf728db837cf5ec1980a80d276bbba748f6",
        "version" : "0.18.0"
      }
    },
    {
      "identity" : "openssl-swift",
      "kind" : "remoteSourceControl",
      "location" : "https://github.com/gematik/OpenSSL-Swift",
      "state" : {
        "revision" : "bec06b51e306b84b51fe09b7d26acb3b10e5e2e3",
        "version" : "4.3.1"
      }
    },
    {
      "identity" : "ref-openhealthcardkit",
      "kind" : "remoteSourceControl",
      "location" : "https://github.com/sciendis/ref-OpenHealthCardKit.git",
      "state" : {
        "revision" : "cb26556f1320e868cbb3b51451648ba82cc47e69",
        "version" : "1.0.0"
      }
    }
  ],
  "version" : 2
}
